
Microsoft Visual Studio Solution File, Format Version 12.00
# Visual Studio Version 16
VisualStudioVersion = 16.0.33529.622
MinimumVisualStudioVersion = 10.0.40219.1
Project("{FAE04EC0-301F-11D3-BF4B-00C04F79EFBC}") = "Project_Nhom10", "Project_Nhom10\Project_Nhom10.csproj", "{2B1C31EC-3C42-4D19-A8EC-A7E90D2C0A46}"
EndProject
Global
	GlobalSection(SolutionConfigurationPlatforms) = preSolution
		Debug|Any CPU = Debug|Any CPU
		Release|Any CPU = Release|Any CPU
	EndGlobalSection
	GlobalSection(ProjectConfigurationPlatforms) = postSolution
		{2B1C31EC-3C42-4D19-A8EC-A7E90D2C0A46}.Debug|Any CPU.ActiveCfg = Debug|Any CPU
		{2B1C31EC-3C42-4D19-A8EC-A7E90D2C0A46}.Debug|Any CPU.Build.0 = Debug|Any CPU
		{2B1C31EC-3C42-4D19-A8EC-A7E90D2C0A46}.Release|Any CPU.ActiveCfg = Release|Any CPU
		{2B1C31EC-3C42-4D19-A8EC-A7E90D2C0A46}.Release|Any CPU.Build.0 = Release|Any CPU
	EndGlobalSection
	GlobalSection(SolutionProperties) = preSolution
		HideSolutionNode = FALSE
	EndGlobalSection
	GlobalSection(ExtensibilityGlobals) = postSolution
		SolutionGuid = {2972F229-CF5D-4BAB-A0FD-CA66CF415842}
	EndGlobalSection
EndGlobal
